
Microsoft Visual Studio Solution File, Format Version 12.00
# Visual Studio Version 17
VisualStudioVersion = 17.7.34202.233
MinimumVisualStudioVersion = 10.0.40219.1
Project("{FAE04EC0-301F-11D3-BF4B-00C04F79EFBC}") = "DuAn_QuanLiKhachSan", "DuAn_QuanLiKhachSan.csproj", "{40A534A7-6729-49F9-9909-35AF8DF4F36B}"
EndProject
Project("{FAE04EC0-301F-11D3-BF4B-00C04F79EFBC}") = "BUS", "..\BUS\BUS.csproj", "{5D820345-5C39-42C6-8717-0F8C94A3F8C9}"
EndProject
Project("{FAE04EC0-301F-11D3-BF4B-00C04F79EFBC}") = "DAL", "..\DAL\DAL.csproj", "{AE18948E-EBF8-4E93-BFA7-E84D21C9BC27}"
EndProject
Project("{FAE04EC0-301F-11D3-BF4B-00C04F79EFBC}") = "DTO", "..\DTO\DTO.csproj", "{D0C29CFD-8DF2-4DB8-870D-C8C80EDC4F59}"
EndProject
Global
	GlobalSection(SolutionConfigurationPlatforms) = preSolution
		Debug|Any CPU = Debug|Any CPU
		Release|Any CPU = Release|Any CPU
	EndGlobalSection
	GlobalSection(ProjectConfigurationPlatforms) = postSolution
		{40A534A7-6729-49F9-9909-35AF8DF4F36B}.Debug|Any CPU.ActiveCfg = Debug|Any CPU
		{40A534A7-6729-49F9-9909-35AF8DF4F36B}.Debug|Any CPU.Build.0 = Debug|Any CPU
		{40A534A7-6729-49F9-9909-35AF8DF4F36B}.Release|Any CPU.ActiveCfg = Release|Any CPU
		{40A534A7-6729-49F9-9909-35AF8DF4F36B}.Release|Any CPU.Build.0 = Release|Any CPU
		{5D820345-5C39-42C6-8717-0F8C94A3F8C9}.Debug|Any CPU.ActiveCfg = Debug|Any CPU
		{5D820345-5C39-42C6-8717-0F8C94A3F8C9}.Debug|Any CPU.Build.0 = Debug|Any CPU
		{5D820345-5C39-42C6-8717-0F8C94A3F8C9}.Release|Any CPU.ActiveCfg = Release|Any CPU
		{5D820345-5C39-42C6-8717-0F8C94A3F8C9}.Release|Any CPU.Build.0 = Release|Any CPU
		{AE18948E-EBF8-4E93-BFA7-E84D21C9BC27}.Debug|Any CPU.ActiveCfg = Debug|Any CPU
		{AE18948E-EBF8-4E93-BFA7-E84D21C9BC27}.Debug|Any CPU.Build.0 = Debug|Any CPU
		{AE18948E-EBF8-4E93-BFA7-E84D21C9BC27}.Release|Any CPU.ActiveCfg = Release|Any CPU
		{AE18948E-EBF8-4E93-BFA7-E84D21C9BC27}.Release|Any CPU.Build.0 = Release|Any CPU
		{D0C29CFD-8DF2-4DB8-870D-C8C80EDC4F59}.Debug|Any CPU.ActiveCfg = Debug|Any CPU
		{D0C29CFD-8DF2-4DB8-870D-C8C80EDC4F59}.Debug|Any CPU.Build.0 = Debug|Any CPU
		{D0C29CFD-8DF2-4DB8-870D-C8C80EDC4F59}.Release|Any CPU.ActiveCfg = Release|Any CPU
		{D0C29CFD-8DF2-4DB8-870D-C8C80EDC4F59}.Release|Any CPU.Build.0 = Release|Any CPU
	EndGlobalSection
	GlobalSection(SolutionProperties) = preSolution
		HideSolutionNode = FALSE
	EndGlobalSection
	GlobalSection(ExtensibilityGlobals) = postSolution
		SolutionGuid = {FC0DCADA-C5C6-43AB-8A81-3C55C3759F8B}
	EndGlobalSection
EndGlobal
