
Microsoft Visual Studio Solution File, Format Version 12.00
# Visual Studio Version 17
VisualStudioVersion = 17.7.34202.233
MinimumVisualStudioVersion = 10.0.40219.1
Project("{FAE04EC0-301F-11D3-BF4B-00C04F79EFBC}") = "DuAn_QuanLiKhachSan", "DuAn_QuanLiKhachSan.csproj", "{40A534A7-6729-49F9-9909-35AF8DF4F36B}"
EndProject
Project("{FAE04EC0-301F-11D3-BF4B-00C04F79EFBC}") = "DAL_QLKS", "DAL_QLKS\DAL_QLKS.csproj", "{B1A601DE-D1D7-4659-ACC4-B702EFAA8C3A}"
EndProject
Project("{FAE04EC0-301F-11D3-BF4B-00C04F79EFBC}") = "BUS_QLKS", "BUS_QLKS\BUS_QLKS.csproj", "{D3802830-01EA-4DF9-83DB-949CF7F88D09}"
EndProject
Project("{FAE04EC0-301F-11D3-BF4B-00C04F79EFBC}") = "DTO_QLKS", "DTO_QLKS\DTO_QLKS.csproj", "{5D52D56F-F4CF-47A2-84C1-62FA0F875EBD}"
EndProject
Global
	GlobalSection(SolutionConfigurationPlatforms) = preSolution
		Debug|Any CPU = Debug|Any CPU
		Release|Any CPU = Release|Any CPU
	EndGlobalSection
	GlobalSection(ProjectConfigurationPlatforms) = postSolution
		{40A534A7-6729-49F9-9909-35AF8DF4F36B}.Debug|Any CPU.ActiveCfg = Debug|Any CPU
		{40A534A7-6729-49F9-9909-35AF8DF4F36B}.Debug|Any CPU.Build.0 = Debug|Any CPU
		{40A534A7-6729-49F9-9909-35AF8DF4F36B}.Release|Any CPU.ActiveCfg = Release|Any CPU
		{40A534A7-6729-49F9-9909-35AF8DF4F36B}.Release|Any CPU.Build.0 = Release|Any CPU
		{B1A601DE-D1D7-4659-ACC4-B702EFAA8C3A}.Debug|Any CPU.ActiveCfg = Debug|Any CPU
		{B1A601DE-D1D7-4659-ACC4-B702EFAA8C3A}.Debug|Any CPU.Build.0 = Debug|Any CPU
		{B1A601DE-D1D7-4659-ACC4-B702EFAA8C3A}.Release|Any CPU.ActiveCfg = Release|Any CPU
		{B1A601DE-D1D7-4659-ACC4-B702EFAA8C3A}.Release|Any CPU.Build.0 = Release|Any CPU
		{D3802830-01EA-4DF9-83DB-949CF7F88D09}.Debug|Any CPU.ActiveCfg = Debug|Any CPU
		{D3802830-01EA-4DF9-83DB-949CF7F88D09}.Debug|Any CPU.Build.0 = Debug|Any CPU
		{D3802830-01EA-4DF9-83DB-949CF7F88D09}.Release|Any CPU.ActiveCfg = Release|Any CPU
		{D3802830-01EA-4DF9-83DB-949CF7F88D09}.Release|Any CPU.Build.0 = Release|Any CPU
		{5D52D56F-F4CF-47A2-84C1-62FA0F875EBD}.Debug|Any CPU.ActiveCfg = Debug|Any CPU
		{5D52D56F-F4CF-47A2-84C1-62FA0F875EBD}.Debug|Any CPU.Build.0 = Debug|Any CPU
		{5D52D56F-F4CF-47A2-84C1-62FA0F875EBD}.Release|Any CPU.ActiveCfg = Release|Any CPU
		{5D52D56F-F4CF-47A2-84C1-62FA0F875EBD}.Release|Any CPU.Build.0 = Release|Any CPU
	EndGlobalSection
	GlobalSection(SolutionProperties) = preSolution
		HideSolutionNode = FALSE
	EndGlobalSection
	GlobalSection(ExtensibilityGlobals) = postSolution
		SolutionGuid = {FC0DCADA-C5C6-43AB-8A81-3C55C3759F8B}
	EndGlobalSection
EndGlobal
